// !$*UTF8*$!
{
  archiveVersion = 1;
  classes = {};
  objectVersion = 55;
  objects = {
    111111111111111111111111 /* Project object */ = {
      isa = PBXProject;
      attributes = {
        LastUpgradeCheck = 1400;
        ORGANIZATIONNAME = CarWash;
      };
      buildConfigurationList = 111111111111111111111112 /* Build configuration list for PBXProject */;
      compatibilityVersion = "Xcode 14.0";
      developmentRegion = English;
      hasScannedForEncodings = 0;
      knownRegions = ( en, );
      mainGroup = 111111111111111111111115 /* CarWash */;
      productRefGroup = 111111111111111111111116 /* Products */;
      projectDirPath = "";
      projectRoot = "";
      targets = (
        111111111111111111111117 /* CarWash */,
      );
    };
    111111111111111111111112 /* Build configuration list for PBXProject */ = {
      isa = XCConfigurationList;
      buildConfigurations = (
        111111111111111111111113 /* Debug */,
        111111111111111111111114 /* Release */,
      );
      defaultConfigurationIsVisible = 0;
      defaultConfigurationName = Release;
    };
    111111111111111111111113 /* Debug */ = {
      isa = XCBuildConfiguration;
      buildSettings = {
        CODE_SIGN_STYLE = Automatic;
        DEVELOPMENT_TEAM = 44Z38W9GRD;
        INFOPLIST_FILE = CarWash/Info.plist;
        IPHONEOS_DEPLOYMENT_TARGET = 16.0;
        PRODUCT_BUNDLE_IDENTIFIER = africa.carwashes.noq;
        PRODUCT_NAME = CarWash;
        SWIFT_VERSION = 5.0;
        TARGETED_DEVICE_FAMILY = "1,2";
        ENABLE_BITCODE = NO;
        ASSETCATALOG_COMPILER_APPICON_NAME = AppIcon;
      };
      name = Debug;
    };
    111111111111111111111114 /* Release */ = {
      isa = XCBuildConfiguration;
      buildSettings = {
        CODE_SIGN_STYLE = Automatic;
        DEVELOPMENT_TEAM = 44Z38W9GRD;
        INFOPLIST_FILE = CarWash/Info.plist;
        IPHONEOS_DEPLOYMENT_TARGET = 16.0;
        PRODUCT_BUNDLE_IDENTIFIER = africa.carwashes.noq;
        PRODUCT_NAME = CarWash;
        SWIFT_VERSION = 5.0;
        TARGETED_DEVICE_FAMILY = "1,2";
        ENABLE_BITCODE = NO;
        ASSETCATALOG_COMPILER_APPICON_NAME = AppIcon;
      };
      name = Release;
    };
    111111111111111111111115 /* CarWash */ = {
      isa = PBXGroup;
      children = (
        11111111111111111111111C /* CarWashApp.swift */,
        11111111111111111111111D /* ContentView.swift */,
        11111111111111111111111E /* Info.plist */,
        11111111111111111111111G /* Assets.xcassets */,
        11111111111111111111111H /* LaunchScreen.storyboard */,
      );
      path = CarWash;
      sourceTree = "<group>";
    };
    111111111111111111111116 /* Products */ = {
      isa = PBXGroup;
      children = (
        11111111111111111111111F /* CarWash.app */,
      );
      sourceTree = "<group>";
    };
    11111111111111111111111C /* CarWashApp.swift */ = {
      isa = PBXFileReference;
      lastKnownFileType = sourcecode.swift;
      path = CarWashApp.swift;
      sourceTree = "<group>";
    };
    11111111111111111111111D /* ContentView.swift */ = {
      isa = PBXFileReference;
      lastKnownFileType = sourcecode.swift;
      path = ContentView.swift;
      sourceTree = "<group>";
    };
    11111111111111111111111E /* Info.plist */ = {
      isa = PBXFileReference;
      lastKnownFileType = text.plist.xml;
      path = Info.plist;
      sourceTree = "<group>";
    };
    11111111111111111111111G /* Assets.xcassets */ = {
      isa = PBXFileReference;
      lastKnownFileType = folder.assetcatalog;
      name = Assets.xcassets;
      path = Assets.xcassets;
      sourceTree = "<group>";
    };
    11111111111111111111111H /* LaunchScreen.storyboard */ = {
      isa = PBXFileReference;
      lastKnownFileType = file.storyboard;
      path = LaunchScreen.storyboard;
      sourceTree = "<group>";
    };
    11111111111111111111111F /* CarWash.app */ = {
      isa = PBXFileReference;
      explicitFileType = wrapper.application;
      path = CarWash.app;
      sourceTree = BUILT_PRODUCTS_DIR;
    };
    111111111111111111111118 /* Sources */ = {
      isa = PBXSourcesBuildPhase;
      buildActionMask = 2147483647;
      files = (
        111111111111111111111120 /* CarWashApp.swift in Sources */,
        111111111111111111111121 /* ContentView.swift in Sources */,
      );
      runOnlyForDeploymentPostprocessing = 0;
    };
    111111111111111111111119 /* Resources */ = {
      isa = PBXResourcesBuildPhase;
      buildActionMask = 2147483647;
      files = (
        111111111111111111111124 /* Assets.xcassets in Resources */,
        111111111111111111111125 /* LaunchScreen.storyboard in Resources */,
      );
      runOnlyForDeploymentPostprocessing = 0;
    };
    11111111111111111111111A /* Frameworks */ = {
      isa = PBXFrameworksBuildPhase;
      buildActionMask = 2147483647;
      files = (
      );
      runOnlyForDeploymentPostprocessing = 0;
    };
    11111111111111111111111B /* Build configuration list for CarWash */ = {
      isa = XCConfigurationList;
      buildConfigurations = (
        111111111111111111111122 /* CarWash Debug */,
        111111111111111111111123 /* CarWash Release */,
      );
      defaultConfigurationIsVisible = 0;
      defaultConfigurationName = Release;
    };
    111111111111111111111117 /* CarWash */ = {
      isa = PBXNativeTarget;
      buildConfigurationList = 11111111111111111111111B /* Build configuration list for CarWash */;
      buildPhases = (
        111111111111111111111118 /* Sources */,
        111111111111111111111119 /* Resources */,
        11111111111111111111111A /* Frameworks */,
      );
      buildRules = (
      );
      dependencies = (
      );
      name = CarWash;
      productName = CarWash;
      productReference = 11111111111111111111111F /* CarWash.app */;
      productType = "com.apple.product-type.application";
    };
    111111111111111111111120 /* CarWashApp.swift in Sources */ = {
      isa = PBXBuildFile;
      fileRef = 11111111111111111111111C /* CarWashApp.swift */;
    };
    111111111111111111111121 /* ContentView.swift in Sources */ = {
      isa = PBXBuildFile;
      fileRef = 11111111111111111111111D /* ContentView.swift */;
    };
    111111111111111111111124 /* Assets.xcassets in Resources */ = {
      isa = PBXBuildFile;
      fileRef = 11111111111111111111111G /* Assets.xcassets */;
    };
    111111111111111111111125 /* LaunchScreen.storyboard in Resources */ = {
      isa = PBXBuildFile;
      fileRef = 11111111111111111111111H /* LaunchScreen.storyboard */;
    };
    111111111111111111111122 /* CarWash Debug */ = {
      isa = XCBuildConfiguration;
      buildSettings = {
        ASSETCATALOG_COMPILER_APPICON_NAME = AppIcon;
        CODE_SIGN_STYLE = Automatic;
        DEVELOPMENT_TEAM = 44Z38W9GRD;
        ENABLE_BITCODE = NO;
        INFOPLIST_FILE = CarWash/Info.plist;
        IPHONEOS_DEPLOYMENT_TARGET = 16.0;
        PRODUCT_BUNDLE_IDENTIFIER = africa.carwashes.noq;
        PRODUCT_NAME = CarWash;
        SWIFT_VERSION = 5.0;
        TARGETED_DEVICE_FAMILY = "1,2";
      };
      name = Debug;
    };
    111111111111111111111123 /* CarWash Release */ = {
      isa = XCBuildConfiguration;
      buildSettings = {
        ASSETCATALOG_COMPILER_APPICON_NAME = AppIcon;
        CODE_SIGN_STYLE = Automatic;
        DEVELOPMENT_TEAM = 44Z38W9GRD;
        ENABLE_BITCODE = NO;
        INFOPLIST_FILE = CarWash/Info.plist;
        IPHONEOS_DEPLOYMENT_TARGET = 16.0;
        PRODUCT_BUNDLE_IDENTIFIER = africa.carwashes.noq;
        PRODUCT_NAME = CarWash;
        SWIFT_VERSION = 5.0;
        TARGETED_DEVICE_FAMILY = "1,2";
      };
      name = Release;
    };
  };
  rootObject = 111111111111111111111111 /* Project object */;
}
